
Microsoft Visual Studio Solution File, Format Version 12.00
# Visual Studio Version 17
VisualStudioVersion = 17.7.34202.233
MinimumVisualStudioVersion = 10.0.40219.1
Project("{FAE04EC0-301F-11D3-BF4B-00C04F79EFBC}") = "Diferença", "Diferença\Diferença.csproj", "{98B89861-D058-47D7-9D30-A70B813119EC}"
EndProject
Global
	GlobalSection(SolutionConfigurationPlatforms) = preSolution
		Debug|Any CPU = Debug|Any CPU
		Release|Any CPU = Release|Any CPU
	EndGlobalSection
	GlobalSection(ProjectConfigurationPlatforms) = postSolution
		{98B89861-D058-47D7-9D30-A70B813119EC}.Debug|Any CPU.ActiveCfg = Debug|Any CPU
		{98B89861-D058-47D7-9D30-A70B813119EC}.Debug|Any CPU.Build.0 = Debug|Any CPU
		{98B89861-D058-47D7-9D30-A70B813119EC}.Release|Any CPU.ActiveCfg = Release|Any CPU
		{98B89861-D058-47D7-9D30-A70B813119EC}.Release|Any CPU.Build.0 = Release|Any CPU
	EndGlobalSection
	GlobalSection(SolutionProperties) = preSolution
		HideSolutionNode = FALSE
	EndGlobalSection
	GlobalSection(ExtensibilityGlobals) = postSolution
		SolutionGuid = {214B7860-3884-440A-A4D4-879B98978EE5}
	EndGlobalSection
EndGlobal
